
Microsoft Visual Studio Solution File, Format Version 12.00
# Visual Studio Version 16
VisualStudioVersion = 16.0.31702.278
MinimumVisualStudioVersion = 10.0.40219.1
Project("{FAE04EC0-301F-11D3-BF4B-00C04F79EFBC}") = "EvenLines", "EvenLines.csproj", "{C8921B6B-F0E4-4366-B7A9-1E1E55FC280C}"
EndProject
Global
	GlobalSection(SolutionConfigurationPlatforms) = preSolution
		Debug|Any CPU = Debug|Any CPU
		Release|Any CPU = Release|Any CPU
	EndGlobalSection
	GlobalSection(ProjectConfigurationPlatforms) = postSolution
		{C8921B6B-F0E4-4366-B7A9-1E1E55FC280C}.Debug|Any CPU.ActiveCfg = Debug|Any CPU
		{C8921B6B-F0E4-4366-B7A9-1E1E55FC280C}.Debug|Any CPU.Build.0 = Debug|Any CPU
		{C8921B6B-F0E4-4366-B7A9-1E1E55FC280C}.Release|Any CPU.ActiveCfg = Release|Any CPU
		{C8921B6B-F0E4-4366-B7A9-1E1E55FC280C}.Release|Any CPU.Build.0 = Release|Any CPU
	EndGlobalSection
	GlobalSection(SolutionProperties) = preSolution
		HideSolutionNode = FALSE
	EndGlobalSection
	GlobalSection(ExtensibilityGlobals) = postSolution
		SolutionGuid = {ED7FCCA3-46E4-4A36-B550-A6BE0678126F}
	EndGlobalSection
EndGlobal
