
Microsoft Visual Studio Solution File, Format Version 12.00
# Visual Studio Version 16
VisualStudioVersion = 16.0.31702.278
MinimumVisualStudioVersion = 10.0.40219.1
Project("{FAE04EC0-301F-11D3-BF4B-00C04F79EFBC}") = "tasks", "tasks.csproj", "{1DDF7D43-BA75-4233-BBFD-D6EC981423FE}"
EndProject
Global
	GlobalSection(SolutionConfigurationPlatforms) = preSolution
		Debug|Any CPU = Debug|Any CPU
		Release|Any CPU = Release|Any CPU
	EndGlobalSection
	GlobalSection(ProjectConfigurationPlatforms) = postSolution
		{1DDF7D43-BA75-4233-BBFD-D6EC981423FE}.Debug|Any CPU.ActiveCfg = Debug|Any CPU
		{1DDF7D43-BA75-4233-BBFD-D6EC981423FE}.Debug|Any CPU.Build.0 = Debug|Any CPU
		{1DDF7D43-BA75-4233-BBFD-D6EC981423FE}.Release|Any CPU.ActiveCfg = Release|Any CPU
		{1DDF7D43-BA75-4233-BBFD-D6EC981423FE}.Release|Any CPU.Build.0 = Release|Any CPU
	EndGlobalSection
	GlobalSection(SolutionProperties) = preSolution
		HideSolutionNode = FALSE
	EndGlobalSection
	GlobalSection(ExtensibilityGlobals) = postSolution
		SolutionGuid = {9505E962-DC82-4992-B173-4C288A82F2CB}
	EndGlobalSection
EndGlobal
